// !$*UTF8*$!
{
	archiveVersion = 1;
	classes = {
	};
	objectVersion = 46;
	objects = {

/* Begin PBXBuildFile section */
		1F4140A61D1746A300C2909B /* AppDelegate.swift in Sources */ = {isa = PBXBuildFile; fileRef = 1F4140A51D1746A300C2909B /* AppDelegate.swift */; };
		1F4140A81D1746A300C2909B /* ViewController.swift in Sources */ = {isa = PBXBuildFile; fileRef = 1F4140A71D1746A300C2909B /* ViewController.swift */; };
		1F4140AB1D1746A300C2909B /* Main.storyboard in Resources */ = {isa = PBXBuildFile; fileRef = 1F4140A91D1746A300C2909B /* Main.storyboard */; };
		1F4140AE1D1746A300C2909B /* ios_dev.xcdatamodeld in Sources */ = {isa = PBXBuildFile; fileRef = 1F4140AC1D1746A300C2909B /* ios_dev.xcdatamodeld */; };
		1F4140B01D1746A300C2909B /* Assets.xcassets in Resources */ = {isa = PBXBuildFile; fileRef = 1F4140AF1D1746A300C2909B /* Assets.xcassets */; };
		1F4140BE1D1746A300C2909B /* ios_devTests.swift in Sources */ = {isa = PBXBuildFile; fileRef = 1F4140BD1D1746A300C2909B /* ios_devTests.swift */; };
		1F4140C91D1746A300C2909B /* ios_devUITests.swift in Sources */ = {isa = PBXBuildFile; fileRef = 1F4140C81D1746A300C2909B /* ios_devUITests.swift */; };
		1F4140D71D17503000C2909B /* GoogleService-Info.plist in Resources */ = {isa = PBXBuildFile; fileRef = 1F4140D61D17503000C2909B /* GoogleService-Info.plist */; };
		1F4140D81D17504200C2909B /* GoogleService-Info.plist in Resources */ = {isa = PBXBuildFile; fileRef = 1F4140D61D17503000C2909B /* GoogleService-Info.plist */; };
		1F4140D91D17504200C2909B /* GoogleService-Info.plist in Resources */ = {isa = PBXBuildFile; fileRef = 1F4140D61D17503000C2909B /* GoogleService-Info.plist */; };
/* End PBXBuildFile section */

/* Begin PBXContainerItemProxy section */
		1F4140BA1D1746A300C2909B /* PBXContainerItemProxy */ = {
			isa = PBXContainerItemProxy;
			containerPortal = 1F41409A1D1746A300C2909B /* Project object */;
			proxyType = 1;
			remoteGlobalIDString = 1F4140A11D1746A300C2909B;
			remoteInfo = "ios-dev";
		};
		1F4140C51D1746A300C2909B /* PBXContainerItemProxy */ = {
			isa = PBXContainerItemProxy;
			containerPortal = 1F41409A1D1746A300C2909B /* Project object */;
			proxyType = 1;
			remoteGlobalIDString = 1F4140A11D1746A300C2909B;
			remoteInfo = "ios-dev";
		};
/* End PBXContainerItemProxy section */

/* Begin PBXFileReference section */
		16133976BF8FB5A8BB9EB245 /* Pods-ios-devTests.release.xcconfig */ = {isa = PBXFileReference; includeInIndex = 1; lastKnownFileType = text.xcconfig; name = "Pods-ios-devTests.release.xcconfig"; path = "Pods/Target Support Files/Pods-ios-devTests/Pods-ios-devTests.release.xcconfig"; sourceTree = "<group>"; };
		1F4140A21D1746A300C2909B /* ios-dev.app */ = {isa = PBXFileReference; explicitFileType = wrapper.application; includeInIndex = 0; path = "ios-dev.app"; sourceTree = BUILT_PRODUCTS_DIR; };
		1F4140A51D1746A300C2909B /* AppDelegate.swift */ = {isa = PBXFileReference; lastKnownFileType = sourcecode.swift; path = AppDelegate.swift; sourceTree = "<group>"; };
		1F4140A71D1746A300C2909B /* ViewController.swift */ = {isa = PBXFileReference; lastKnownFileType = sourcecode.swift; path = ViewController.swift; sourceTree = "<group>"; };
		1F4140AA1D1746A300C2909B /* Base */ = {isa = PBXFileReference; lastKnownFileType = file.storyboard; name = Base; path = Base.lproj/Main.storyboard; sourceTree = "<group>"; };
		1F4140AD1D1746A300C2909B /* ios_dev.xcdatamodel */ = {isa = PBXFileReference; lastKnownFileType = wrapper.xcdatamodel; path = ios_dev.xcdatamodel; sourceTree = "<group>"; };
		1F4140AF1D1746A300C2909B /* Assets.xcassets */ = {isa = PBXFileReference; lastKnownFileType = folder.assetcatalog; path = Assets.xcassets; sourceTree = "<group>"; };
		1F4140B41D1746A300C2909B /* Info.plist */ = {isa = PBXFileReference; lastKnownFileType = text.plist.xml; path = Info.plist; sourceTree = "<group>"; };
		1F4140B91D1746A300C2909B /* ios-devTests.xctest */ = {isa = PBXFileReference; explicitFileType = wrapper.cfbundle; includeInIndex = 0; path = "ios-devTests.xctest"; sourceTree = BUILT_PRODUCTS_DIR; };
		1F4140BD1D1746A300C2909B /* ios_devTests.swift */ = {isa = PBXFileReference; lastKnownFileType = sourcecode.swift; path = ios_devTests.swift; sourceTree = "<group>"; };
		1F4140BF1D1746A300C2909B /* Info.plist */ = {isa = PBXFileReference; lastKnownFileType = text.plist.xml; path = Info.plist; sourceTree = "<group>"; };
		1F4140C41D1746A300C2909B /* ios-devUITests.xctest */ = {isa = PBXFileReference; explicitFileType = wrapper.cfbundle; includeInIndex = 0; path = "ios-devUITests.xctest"; sourceTree = BUILT_PRODUCTS_DIR; };
		1F4140C81D1746A300C2909B /* ios_devUITests.swift */ = {isa = PBXFileReference; lastKnownFileType = sourcecode.swift; path = ios_devUITests.swift; sourceTree = "<group>"; };
		1F4140CA1D1746A300C2909B /* Info.plist */ = {isa = PBXFileReference; lastKnownFileType = text.plist.xml; path = Info.plist; sourceTree = "<group>"; };
		1F4140D61D17503000C2909B /* GoogleService-Info.plist */ = {isa = PBXFileReference; fileEncoding = 4; lastKnownFileType = text.plist.xml; name = "GoogleService-Info.plist"; path = "../GoogleService-Info.plist"; sourceTree = "<group>"; };
		1FFDBCF21D178EDB00F0B6DB /* ios-dev-Bridging-Header.h */ = {isa = PBXFileReference; lastKnownFileType = sourcecode.c.h; path = "ios-dev-Bridging-Header.h"; sourceTree = "<group>"; };
		325EB722C1A239155B48B2D0 /* Pods-ios-devTests.debug.xcconfig */ = {isa = PBXFileReference; includeInIndex = 1; lastKnownFileType = text.xcconfig; name = "Pods-ios-devTests.debug.xcconfig"; path = "Pods/Target Support Files/Pods-ios-devTests/Pods-ios-devTests.debug.xcconfig"; sourceTree = "<group>"; };
		47B68F6C2007870105992352 /* Pods-ios-devUITests.release.xcconfig */ = {isa = PBXFileReference; includeInIndex = 1; lastKnownFileType = text.xcconfig; name = "Pods-ios-devUITests.release.xcconfig"; path = "Pods/Target Support Files/Pods-ios-devUITests/Pods-ios-devUITests.release.xcconfig"; sourceTree = "<group>"; };
		653FBC1F7E200576AD04B953 /* Pods-ios-dev.release.xcconfig */ = {isa = PBXFileReference; includeInIndex = 1; lastKnownFileType = text.xcconfig; name = "Pods-ios-dev.release.xcconfig"; path = "Pods/Target Support Files/Pods-ios-dev/Pods-ios-dev.release.xcconfig"; sourceTree = "<group>"; };
		6B05A7DFDBA9AE72EF389952 /* Pods-ios-dev.debug.xcconfig */ = {isa = PBXFileReference; includeInIndex = 1; lastKnownFileType = text.xcconfig; name = "Pods-ios-dev.debug.xcconfig"; path = "Pods/Target Support Files/Pods-ios-dev/Pods-ios-dev.debug.xcconfig"; sourceTree = "<group>"; };
		87182EB31EE0D04AA1050BCB /* Pods-ios-devUITests.debug.xcconfig */ = {isa = PBXFileReference; includeInIndex = 1; lastKnownFileType = text.xcconfig; name = "Pods-ios-devUITests.debug.xcconfig"; path = "Pods/Target Support Files/Pods-ios-devUITests/Pods-ios-devUITests.debug.xcconfig"; sourceTree = "<group>"; };
/* End PBXFileReference section */

/* Begin PBXFrameworksBuildPhase section */
		1F41409F1D1746A300C2909B /* Frameworks */ = {
			isa = PBXFrameworksBuildPhase;
			buildActionMask = 2147483647;
			files = (
			);
			runOnlyForDeploymentPostprocessing = 0;
		};
		1F4140B61D1746A300C2909B /* Frameworks */ = {
			isa = PBXFrameworksBuildPhase;
			buildActionMask = 2147483647;
			files = (
			);
			runOnlyForDeploymentPostprocessing = 0;
		};
		1F4140C11D1746A300C2909B /* Frameworks */ = {
			isa = PBXFrameworksBuildPhase;
			buildActionMask = 2147483647;
			files = (
			);
			runOnlyForDeploymentPostprocessing = 0;
		};
/* End PBXFrameworksBuildPhase section */

/* Begin PBXGroup section */
		1F4140991D1746A300C2909B = {
			isa = PBXGroup;
			children = (
				1F4140A41D1746A300C2909B /* ios-dev */,
				1F4140BC1D1746A300C2909B /* ios-devTests */,
				1F4140C71D1746A300C2909B /* ios-devUITests */,
				1F4140A31D1746A300C2909B /* Products */,
				99255005BC267F62D1FE248C /* Pods */,
			);
			sourceTree = "<group>";
		};
		1F4140A31D1746A300C2909B /* Products */ = {
			isa = PBXGroup;
			children = (
				1F4140A21D1746A300C2909B /* ios-dev.app */,
				1F4140B91D1746A300C2909B /* ios-devTests.xctest */,
				1F4140C41D1746A300C2909B /* ios-devUITests.xctest */,
			);
			name = Products;
			sourceTree = "<group>";
		};
		1F4140A41D1746A300C2909B /* ios-dev */ = {
			isa = PBXGroup;
			children = (
				1FFDBCF51D18F7D800F0B6DB /* Supporting Files */,
				1F4140A51D1746A300C2909B /* AppDelegate.swift */,
				1F4140A71D1746A300C2909B /* ViewController.swift */,
				1F4140A91D1746A300C2909B /* Main.storyboard */,
				1F4140AF1D1746A300C2909B /* Assets.xcassets */,
				1F4140AC1D1746A300C2909B /* ios_dev.xcdatamodeld */,
				1FFDBCF21D178EDB00F0B6DB /* ios-dev-Bridging-Header.h */,
			);
			path = "ios-dev";
			sourceTree = "<group>";
		};
		1F4140BC1D1746A300C2909B /* ios-devTests */ = {
			isa = PBXGroup;
			children = (
				1F4140BD1D1746A300C2909B /* ios_devTests.swift */,
				1F4140BF1D1746A300C2909B /* Info.plist */,
			);
			path = "ios-devTests";
			sourceTree = "<group>";
		};
		1F4140C71D1746A300C2909B /* ios-devUITests */ = {
			isa = PBXGroup;
			children = (
				1F4140C81D1746A300C2909B /* ios_devUITests.swift */,
				1F4140CA1D1746A300C2909B /* Info.plist */,
			);
			path = "ios-devUITests";
			sourceTree = "<group>";
		};
		1FFDBCF51D18F7D800F0B6DB /* Supporting Files */ = {
			isa = PBXGroup;
			children = (
				1F4140D61D17503000C2909B /* GoogleService-Info.plist */,
				1F4140B41D1746A300C2909B /* Info.plist */,
			);
			name = "Supporting Files";
			sourceTree = "<group>";
		};
		99255005BC267F62D1FE248C /* Pods */ = {
			isa = PBXGroup;
			children = (
				6B05A7DFDBA9AE72EF389952 /* Pods-ios-dev.debug.xcconfig */,
				653FBC1F7E200576AD04B953 /* Pods-ios-dev.release.xcconfig */,
				325EB722C1A239155B48B2D0 /* Pods-ios-devTests.debug.xcconfig */,
				16133976BF8FB5A8BB9EB245 /* Pods-ios-devTests.release.xcconfig */,
				87182EB31EE0D04AA1050BCB /* Pods-ios-devUITests.debug.xcconfig */,
				47B68F6C2007870105992352 /* Pods-ios-devUITests.release.xcconfig */,
			);
			name = Pods;
			sourceTree = "<group>";
		};
/* End PBXGroup section */

/* Begin PBXNativeTarget section */
		1F4140A11D1746A300C2909B /* ios-dev */ = {
			isa = PBXNativeTarget;
			buildConfigurationList = 1F4140CD1D1746A300C2909B /* Build configuration list for PBXNativeTarget "ios-dev" */;
			buildPhases = (
				515FD898051AB898B26E95E0 /* [CP] Check Pods Manifest.lock */,
				1F41409E1D1746A300C2909B /* Sources */,
				1F41409F1D1746A300C2909B /* Frameworks */,
				1F4140A01D1746A300C2909B /* Resources */,
				816A716EF4E094FA467619F6 /* [CP] Embed Pods Frameworks */,
				FBA002343196208A50F3E673 /* [CP] Copy Pods Resources */,
			);
			buildRules = (
			);
			dependencies = (
			);
			name = "ios-dev";
			productName = "ios-dev";
			productReference = 1F4140A21D1746A300C2909B /* ios-dev.app */;
			productType = "com.apple.product-type.application";
		};
		1F4140B81D1746A300C2909B /* ios-devTests */ = {
			isa = PBXNativeTarget;
			buildConfigurationList = 1F4140D01D1746A300C2909B /* Build configuration list for PBXNativeTarget "ios-devTests" */;
			buildPhases = (
				EE475ABFBD849F9837485CB2 /* [CP] Check Pods Manifest.lock */,
				1F4140B51D1746A300C2909B /* Sources */,
				1F4140B61D1746A300C2909B /* Frameworks */,
				1F4140B71D1746A300C2909B /* Resources */,
				FA7FA82D0AE50CABB4D9556E /* [CP] Embed Pods Frameworks */,
				D8BE5B23191B0605868259BB /* [CP] Copy Pods Resources */,
			);
			buildRules = (
			);
			dependencies = (
				1F4140BB1D1746A300C2909B /* PBXTargetDependency */,
			);
			name = "ios-devTests";
			productName = "ios-devTests";
			productReference = 1F4140B91D1746A300C2909B /* ios-devTests.xctest */;
			productType = "com.apple.product-type.bundle.unit-test";
		};
		1F4140C31D1746A300C2909B /* ios-devUITests */ = {
			isa = PBXNativeTarget;
			buildConfigurationList = 1F4140D31D1746A300C2909B /* Build configuration list for PBXNativeTarget "ios-devUITests" */;
			buildPhases = (
				6B7832DE03E7DCBDC9C4D13C /* [CP] Check Pods Manifest.lock */,
				1F4140C01D1746A300C2909B /* Sources */,
				1F4140C11D1746A300C2909B /* Frameworks */,
				1F4140C21D1746A300C2909B /* Resources */,
				404F586850D569EFAFE9E393 /* [CP] Copy Pods Resources */,
			);
			buildRules = (
			);
			dependencies = (
				1F4140C61D1746A300C2909B /* PBXTargetDependency */,
			);
			name = "ios-devUITests";
			productName = "ios-devUITests";
			productReference = 1F4140C41D1746A300C2909B /* ios-devUITests.xctest */;
			productType = "com.apple.product-type.bundle.ui-testing";
		};
/* End PBXNativeTarget section */

/* Begin PBXProject section */
		1F41409A1D1746A300C2909B /* Project object */ = {
			isa = PBXProject;
			attributes = {
				LastSwiftUpdateCheck = 0730;
				LastUpgradeCheck = 0730;
				ORGANIZATIONNAME = "dev-group";
				TargetAttributes = {
					1F4140A11D1746A300C2909B = {
						CreatedOnToolsVersion = 7.3.1;
					};
					1F4140B81D1746A300C2909B = {
						CreatedOnToolsVersion = 7.3.1;
						TestTargetID = 1F4140A11D1746A300C2909B;
					};
					1F4140C31D1746A300C2909B = {
						CreatedOnToolsVersion = 7.3.1;
						TestTargetID = 1F4140A11D1746A300C2909B;
					};
				};
			};
			buildConfigurationList = 1F41409D1D1746A300C2909B /* Build configuration list for PBXProject "ios-dev" */;
			compatibilityVersion = "Xcode 3.2";
			developmentRegion = English;
			hasScannedForEncodings = 0;
			knownRegions = (
				en,
				Base,
			);
			mainGroup = 1F4140991D1746A300C2909B;
			productRefGroup = 1F4140A31D1746A300C2909B /* Products */;
			projectDirPath = "";
			projectRoot = "";
			targets = (
				1F4140A11D1746A300C2909B /* ios-dev */,
				1F4140B81D1746A300C2909B /* ios-devTests */,
				1F4140C31D1746A300C2909B /* ios-devUITests */,
			);
		};
/* End PBXProject section */

/* Begin PBXResourcesBuildPhase section */
		1F4140A01D1746A300C2909B /* Resources */ = {
			isa = PBXResourcesBuildPhase;
			buildActionMask = 2147483647;
			files = (
				1F4140D71D17503000C2909B /* GoogleService-Info.plist in Resources */,
				1F4140B01D1746A300C2909B /* Assets.xcassets in Resources */,
				1F4140AB1D1746A300C2909B /* Main.storyboard in Resources */,
			);
			runOnlyForDeploymentPostprocessing = 0;
		};
		1F4140B71D1746A300C2909B /* Resources */ = {
			isa = PBXResourcesBuildPhase;
			buildActionMask = 2147483647;
			files = (
				1F4140D81D17504200C2909B /* GoogleService-Info.plist in Resources */,
			);
			runOnlyForDeploymentPostprocessing = 0;
		};
		1F4140C21D1746A300C2909B /* Resources */ = {
			isa = PBXResourcesBuildPhase;
			buildActionMask = 2147483647;
			files = (
				1F4140D91D17504200C2909B /* GoogleService-Info.plist in Resources */,
			);
			runOnlyForDeploymentPostprocessing = 0;
		};
/* End PBXResourcesBuildPhase section */

/* Begin PBXShellScriptBuildPhase section */
		404F586850D569EFAFE9E393 /* [CP] Copy Pods Resources */ = {
			isa = PBXShellScriptBuildPhase;
			buildActionMask = 2147483647;
			files = (
			);
			inputPaths = (
			);
			name = "[CP] Copy Pods Resources";
			outputPaths = (
			);
			runOnlyForDeploymentPostprocessing = 0;
			shellPath = /bin/sh;
			shellScript = "\"${SRCROOT}/Pods/Target Support Files/Pods-ios-devUITests/Pods-ios-devUITests-resources.sh\"\n";
			showEnvVarsInLog = 0;
		};
		515FD898051AB898B26E95E0 /* [CP] Check Pods Manifest.lock */ = {
			isa = PBXShellScriptBuildPhase;
			buildActionMask = 2147483647;
			files = (
			);
			inputPaths = (
			);
			name = "[CP] Check Pods Manifest.lock";
			outputPaths = (
			);
			runOnlyForDeploymentPostprocessing = 0;
			shellPath = /bin/sh;
			shellScript = "diff \"${PODS_ROOT}/../Podfile.lock\" \"${PODS_ROOT}/Manifest.lock\" > /dev/null\nif [[ $? != 0 ]] ; then\n    cat << EOM\nerror: The sandbox is not in sync with the Podfile.lock. Run 'pod install' or update your CocoaPods installation.\nEOM\n    exit 1\nfi\n";
			showEnvVarsInLog = 0;
		};
		6B7832DE03E7DCBDC9C4D13C /* [CP] Check Pods Manifest.lock */ = {
			isa = PBXShellScriptBuildPhase;
			buildActionMask = 2147483647;
			files = (
			);
			inputPaths = (
			);
			name = "[CP] Check Pods Manifest.lock";
			outputPaths = (
			);
			runOnlyForDeploymentPostprocessing = 0;
			shellPath = /bin/sh;
			shellScript = "diff \"${PODS_ROOT}/../Podfile.lock\" \"${PODS_ROOT}/Manifest.lock\" > /dev/null\nif [[ $? != 0 ]] ; then\n    cat << EOM\nerror: The sandbox is not in sync with the Podfile.lock. Run 'pod install' or update your CocoaPods installation.\nEOM\n    exit 1\nfi\n";
			showEnvVarsInLog = 0;
		};
		816A716EF4E094FA467619F6 /* [CP] Embed Pods Frameworks */ = {
			isa = PBXShellScriptBuildPhase;
			buildActionMask = 2147483647;
			files = (
			);
			inputPaths = (
			);
			name = "[CP] Embed Pods Frameworks";
			outputPaths = (
			);
			runOnlyForDeploymentPostprocessing = 0;
			shellPath = /bin/sh;
			shellScript = "\"${SRCROOT}/Pods/Target Support Files/Pods-ios-dev/Pods-ios-dev-frameworks.sh\"\n";
			showEnvVarsInLog = 0;
		};
		D8BE5B23191B0605868259BB /* [CP] Copy Pods Resources */ = {
			isa = PBXShellScriptBuildPhase;
			buildActionMask = 2147483647;
			files = (
			);
			inputPaths = (
			);
			name = "[CP] Copy Pods Resources";
			outputPaths = (
			);
			runOnlyForDeploymentPostprocessing = 0;
			shellPath = /bin/sh;
			shellScript = "\"${SRCROOT}/Pods/Target Support Files/Pods-ios-devTests/Pods-ios-devTests-resources.sh\"\n";
			showEnvVarsInLog = 0;
		};
		EE475ABFBD849F9837485CB2 /* [CP] Check Pods Manifest.lock */ = {
			isa = PBXShellScriptBuildPhase;
			buildActionMask = 2147483647;
			files = (
			);
			inputPaths = (
			);
			name = "[CP] Check Pods Manifest.lock";
			outputPaths = (
			);
			runOnlyForDeploymentPostprocessing = 0;
			shellPath = /bin/sh;
			shellScript = "diff \"${PODS_ROOT}/../Podfile.lock\" \"${PODS_ROOT}/Manifest.lock\" > /dev/null\nif [[ $? != 0 ]] ; then\n    cat << EOM\nerror: The sandbox is not in sync with the Podfile.lock. Run 'pod install' or update your CocoaPods installation.\nEOM\n    exit 1\nfi\n";
			showEnvVarsInLog = 0;
		};
		FA7FA82D0AE50CABB4D9556E /* [CP] Embed Pods Frameworks */ = {
			isa = PBXShellScriptBuildPhase;
			buildActionMask = 2147483647;
			files = (
			);
			inputPaths = (
			);
			name = "[CP] Embed Pods Frameworks";
			outputPaths = (
			);
			runOnlyForDeploymentPostprocessing = 0;
			shellPath = /bin/sh;
			shellScript = "\"${SRCROOT}/Pods/Target Support Files/Pods-ios-devTests/Pods-ios-devTests-frameworks.sh\"\n";
			showEnvVarsInLog = 0;
		};
		FBA002343196208A50F3E673 /* [CP] Copy Pods Resources */ = {
			isa = PBXShellScriptBuildPhase;
			buildActionMask = 2147483647;
			files = (
			);
			inputPaths = (
			);
			name = "[CP] Copy Pods Resources";
			outputPaths = (
			);
			runOnlyForDeploymentPostprocessing = 0;
			shellPath = /bin/sh;
			shellScript = "\"${SRCROOT}/Pods/Target Support Files/Pods-ios-dev/Pods-ios-dev-resources.sh\"\n";
			showEnvVarsInLog = 0;
		};
/* End PBXShellScriptBuildPhase section */

/* Begin PBXSourcesBuildPhase section */
		1F41409E1D1746A300C2909B /* Sources */ = {
			isa = PBXSourcesBuildPhase;
			buildActionMask = 2147483647;
			files = (
				1F4140AE1D1746A300C2909B /* ios_dev.xcdatamodeld in Sources */,
				1F4140A81D1746A300C2909B /* ViewController.swift in Sources */,
				1F4140A61D1746A300C2909B /* AppDelegate.swift in Sources */,
			);
			runOnlyForDeploymentPostprocessing = 0;
		};
		1F4140B51D1746A300C2909B /* Sources */ = {
			isa = PBXSourcesBuildPhase;
			buildActionMask = 2147483647;
			files = (
				1F4140BE1D1746A300C2909B /* ios_devTests.swift in Sources */,
			);
			runOnlyForDeploymentPostprocessing = 0;
		};
		1F4140C01D1746A300C2909B /* Sources */ = {
			isa = PBXSourcesBuildPhase;
			buildActionMask = 2147483647;
			files = (
				1F4140C91D1746A300C2909B /* ios_devUITests.swift in Sources */,
			);
			runOnlyForDeploymentPostprocessing = 0;
		};
/* End PBXSourcesBuildPhase section */

/* Begin PBXTargetDependency section */
		1F4140BB1D1746A300C2909B /* PBXTargetDependency */ = {
			isa = PBXTargetDependency;
			target = 1F4140A11D1746A300C2909B /* ios-dev */;
			targetProxy = 1F4140BA1D1746A300C2909B /* PBXContainerItemProxy */;
		};
		1F4140C61D1746A300C2909B /* PBXTargetDependency */ = {
			isa = PBXTargetDependency;
			target = 1F4140A11D1746A300C2909B /* ios-dev */;
			targetProxy = 1F4140C51D1746A300C2909B /* PBXContainerItemProxy */;
		};
/* End PBXTargetDependency section */

/* Begin PBXVariantGroup section */
		1F4140A91D1746A300C2909B /* Main.storyboard */ = {
			isa = PBXVariantGroup;
			children = (
				1F4140AA1D1746A300C2909B /* Base */,
			);
			name = Main.storyboard;
			sourceTree = "<group>";
		};
/* End PBXVariantGroup section */

/* Begin XCBuildConfiguration section */
		1F4140CB1D1746A300C2909B /* Debug */ = {
			isa = XCBuildConfiguration;
			buildSettings = {
				ALWAYS_SEARCH_USER_PATHS = NO;
				CLANG_ANALYZER_NONNULL = YES;
				CLANG_CXX_LANGUAGE_STANDARD = "gnu++0x";
				CLANG_CXX_LIBRARY = "libc++";
				CLANG_ENABLE_MODULES = YES;
				CLANG_ENABLE_OBJC_ARC = YES;
				CLANG_WARN_BOOL_CONVERSION = YES;
				CLANG_WARN_CONSTANT_CONVERSION = YES;
				CLANG_WARN_DIRECT_OBJC_ISA_USAGE = YES_ERROR;
				CLANG_WARN_EMPTY_BODY = YES;
				CLANG_WARN_ENUM_CONVERSION = YES;
				CLANG_WARN_INT_CONVERSION = YES;
				CLANG_WARN_OBJC_ROOT_CLASS = YES_ERROR;
				CLANG_WARN_UNREACHABLE_CODE = YES;
				CLANG_WARN__DUPLICATE_METHOD_MATCH = YES;
				"CODE_SIGN_IDENTITY[sdk=iphoneos*]" = "iPhone Developer";
				COPY_PHASE_STRIP = NO;
				DEBUG_INFORMATION_FORMAT = dwarf;
				ENABLE_STRICT_OBJC_MSGSEND = YES;
				ENABLE_TESTABILITY = YES;
				GCC_C_LANGUAGE_STANDARD = gnu99;
				GCC_DYNAMIC_NO_PIC = NO;
				GCC_NO_COMMON_BLOCKS = YES;
				GCC_OPTIMIZATION_LEVEL = 0;
				GCC_PREPROCESSOR_DEFINITIONS = (
					"DEBUG=1",
					"$(inherited)",
				);
				GCC_WARN_64_TO_32_BIT_CONVERSION = YES;
				GCC_WARN_ABOUT_RETURN_TYPE = YES_ERROR;
				GCC_WARN_UNDECLARED_SELECTOR = YES;
				GCC_WARN_UNINITIALIZED_AUTOS = YES_AGGRESSIVE;
				GCC_WARN_UNUSED_FUNCTION = YES;
				GCC_WARN_UNUSED_VARIABLE = YES;
				IPHONEOS_DEPLOYMENT_TARGET = 9.3;
				MTL_ENABLE_DEBUG_INFO = YES;
				ONLY_ACTIVE_ARCH = YES;
				SDKROOT = iphoneos;
				SWIFT_OPTIMIZATION_LEVEL = "-Onone";
				TARGETED_DEVICE_FAMILY = "1,2";
			};
			name = Debug;
		};
		1F4140CC1D1746A300C2909B /* Release */ = {
			isa = XCBuildConfiguration;
			buildSettings = {
				ALWAYS_SEARCH_USER_PATHS = NO;
				CLANG_ANALYZER_NONNULL = YES;
				CLANG_CXX_LANGUAGE_STANDARD = "gnu++0x";
				CLANG_CXX_LIBRARY = "libc++";
				CLANG_ENABLE_MODULES = YES;
				CLANG_ENABLE_OBJC_ARC = YES;
				CLANG_WARN_BOOL_CONVERSION = YES;
				CLANG_WARN_CONSTANT_CONVERSION = YES;
				CLANG_WARN_DIRECT_OBJC_ISA_USAGE = YES_ERROR;
				CLANG_WARN_EMPTY_BODY = YES;
				CLANG_WARN_ENUM_CONVERSION = YES;
				CLANG_WARN_INT_CONVERSION = YES;
				CLANG_WARN_OBJC_ROOT_CLASS = YES_ERROR;
				CLANG_WARN_UNREACHABLE_CODE = YES;
				CLANG_WARN__DUPLICATE_METHOD_MATCH = YES;
				"CODE_SIGN_IDENTITY[sdk=iphoneos*]" = "iPhone Developer";
				COPY_PHASE_STRIP = NO;
				DEBUG_INFORMATION_FORMAT = "dwarf-with-dsym";
				ENABLE_NS_ASSERTIONS = NO;
				ENABLE_STRICT_OBJC_MSGSEND = YES;
				GCC_C_LANGUAGE_STANDARD = gnu99;
				GCC_NO_COMMON_BLOCKS = YES;
				GCC_WARN_64_TO_32_BIT_CONVERSION = YES;
				GCC_WARN_ABOUT_RETURN_TYPE = YES_ERROR;
				GCC_WARN_UNDECLARED_SELECTOR = YES;
				GCC_WARN_UNINITIALIZED_AUTOS = YES_AGGRESSIVE;
				GCC_WARN_UNUSED_FUNCTION = YES;
				GCC_WARN_UNUSED_VARIABLE = YES;
				IPHONEOS_DEPLOYMENT_TARGET = 9.3;
				MTL_ENABLE_DEBUG_INFO = NO;
				SDKROOT = iphoneos;
				TARGETED_DEVICE_FAMILY = "1,2";
				VALIDATE_PRODUCT = YES;
			};
			name = Release;
		};
		1F4140CE1D1746A300C2909B /* Debug */ = {
			isa = XCBuildConfiguration;
			baseConfigurationReference = 6B05A7DFDBA9AE72EF389952 /* Pods-ios-dev.debug.xcconfig */;
			buildSettings = {
				ASSETCATALOG_COMPILER_APPICON_NAME = AppIcon;
				CLANG_ENABLE_MODULES = YES;
				INFOPLIST_FILE = "ios-dev/Info.plist";
				LD_RUNPATH_SEARCH_PATHS = "$(inherited) @executable_path/Frameworks";
				PRODUCT_BUNDLE_IDENTIFIER = "dev-group.ios-dev";
				PRODUCT_NAME = "$(TARGET_NAME)";
				SWIFT_OBJC_BRIDGING_HEADER = "ios-dev/ios-dev-Bridging-Header.h";
				SWIFT_OPTIMIZATION_LEVEL = "-Onone";
			};
			name = Debug;
		};
		1F4140CF1D1746A300C2909B /* Release */ = {
			isa = XCBuildConfiguration;
			baseConfigurationReference = 653FBC1F7E200576AD04B953 /* Pods-ios-dev.release.xcconfig */;
			buildSettings = {
				ASSETCATALOG_COMPILER_APPICON_NAME = AppIcon;
				CLANG_ENABLE_MODULES = YES;
				INFOPLIST_FILE = "ios-dev/Info.plist";
				LD_RUNPATH_SEARCH_PATHS = "$(inherited) @executable_path/Frameworks";
				PRODUCT_BUNDLE_IDENTIFIER = "dev-group.ios-dev";
				PRODUCT_NAME = "$(TARGET_NAME)";
				SWIFT_OBJC_BRIDGING_HEADER = "ios-dev/ios-dev-Bridging-Header.h";
			};
			name = Release;
		};
		1F4140D11D1746A300C2909B /* Debug */ = {
			isa = XCBuildConfiguration;
			baseConfigurationReference = 325EB722C1A239155B48B2D0 /* Pods-ios-devTests.debug.xcconfig */;
			buildSettings = {
				BUNDLE_LOADER = "$(TEST_HOST)";
				INFOPLIST_FILE = "ios-devTests/Info.plist";
				LD_RUNPATH_SEARCH_PATHS = "$(inherited) @executable_path/Frameworks @loader_path/Frameworks";
				PRODUCT_BUNDLE_IDENTIFIER = "dev-group.ios-devTests";
				PRODUCT_NAME = "$(TARGET_NAME)";
				TEST_HOST = "$(BUILT_PRODUCTS_DIR)/ios-dev.app/ios-dev";
			};
			name = Debug;
		};
		1F4140D21D1746A300C2909B /* Release */ = {
			isa = XCBuildConfiguration;
			baseConfigurationReference = 16133976BF8FB5A8BB9EB245 /* Pods-ios-devTests.release.xcconfig */;
			buildSettings = {
				BUNDLE_LOADER = "$(TEST_HOST)";
				INFOPLIST_FILE = "ios-devTests/Info.plist";
				LD_RUNPATH_SEARCH_PATHS = "$(inherited) @executable_path/Frameworks @loader_path/Frameworks";
				PRODUCT_BUNDLE_IDENTIFIER = "dev-group.ios-devTests";
				PRODUCT_NAME = "$(TARGET_NAME)";
				TEST_HOST = "$(BUILT_PRODUCTS_DIR)/ios-dev.app/ios-dev";
			};
			name = Release;
		};
		1F4140D41D1746A300C2909B /* Debug */ = {
			isa = XCBuildConfiguration;
			baseConfigurationReference = 87182EB31EE0D04AA1050BCB /* Pods-ios-devUITests.debug.xcconfig */;
			buildSettings = {
				INFOPLIST_FILE = "ios-devUITests/Info.plist";
				LD_RUNPATH_SEARCH_PATHS = "$(inherited) @executable_path/Frameworks @loader_path/Frameworks";
				PRODUCT_BUNDLE_IDENTIFIER = "dev-group.ios-devUITests";
				PRODUCT_NAME = "$(TARGET_NAME)";
				TEST_TARGET_NAME = "ios-dev";
			};
			name = Debug;
		};
		1F4140D51D1746A300C2909B /* Release */ = {
			isa = XCBuildConfiguration;
			baseConfigurationReference = 47B68F6C2007870105992352 /* Pods-ios-devUITests.release.xcconfig */;
			buildSettings = {
				INFOPLIST_FILE = "ios-devUITests/Info.plist";
				LD_RUNPATH_SEARCH_PATHS = "$(inherited) @executable_path/Frameworks @loader_path/Frameworks";
				PRODUCT_BUNDLE_IDENTIFIER = "dev-group.ios-devUITests";
				PRODUCT_NAME = "$(TARGET_NAME)";
				TEST_TARGET_NAME = "ios-dev";
			};
			name = Release;
		};
/* End XCBuildConfiguration section */

/* Begin XCConfigurationList section */
		1F41409D1D1746A300C2909B /* Build configuration list for PBXProject "ios-dev" */ = {
			isa = XCConfigurationList;
			buildConfigurations = (
				1F4140CB1D1746A300C2909B /* Debug */,
				1F4140CC1D1746A300C2909B /* Release */,
			);
			defaultConfigurationIsVisible = 0;
			defaultConfigurationName = Release;
		};
		1F4140CD1D1746A300C2909B /* Build configuration list for PBXNativeTarget "ios-dev" */ = {
			isa = XCConfigurationList;
			buildConfigurations = (
				1F4140CE1D1746A300C2909B /* Debug */,
				1F4140CF1D1746A300C2909B /* Release */,
			);
			defaultConfigurationIsVisible = 0;
			defaultConfigurationName = Release;
		};
		1F4140D01D1746A300C2909B /* Build configuration list for PBXNativeTarget "ios-devTests" */ = {
			isa = XCConfigurationList;
			buildConfigurations = (
				1F4140D11D1746A300C2909B /* Debug */,
				1F4140D21D1746A300C2909B /* Release */,
			);
			defaultConfigurationIsVisible = 0;
			defaultConfigurationName = Release;
		};
		1F4140D31D1746A300C2909B /* Build configuration list for PBXNativeTarget "ios-devUITests" */ = {
			isa = XCConfigurationList;
			buildConfigurations = (
				1F4140D41D1746A300C2909B /* Debug */,
				1F4140D51D1746A300C2909B /* Release */,
			);
			defaultConfigurationIsVisible = 0;
			defaultConfigurationName = Release;
		};
/* End XCConfigurationList section */

/* Begin XCVersionGroup section */
		1F4140AC1D1746A300C2909B /* ios_dev.xcdatamodeld */ = {
			isa = XCVersionGroup;
			children = (
				1F4140AD1D1746A300C2909B /* ios_dev.xcdatamodel */,
			);
			currentVersion = 1F4140AD1D1746A300C2909B /* ios_dev.xcdatamodel */;
			path = ios_dev.xcdatamodeld;
			sourceTree = "<group>";
			versionGroupType = wrapper.xcdatamodel;
		};
/* End XCVersionGroup section */
	};
	rootObject = 1F41409A1D1746A300C2909B /* Project object */;
}
